
Microsoft Visual Studio Solution File, Format Version 12.00
# Visual Studio Version 17
VisualStudioVersion = 17.14.37216.2 d17.14
MinimumVisualStudioVersion = 10.0.40219.1
Project("{FAE04EC0-301F-11D3-BF4B-00C04F79EFBC}") = "TodoApp", "TodoApp\TodoApp.csproj", "{EF73DCDF-9471-437C-87AE-9CF252726A93}"
EndProject
Global
	GlobalSection(SolutionConfigurationPlatforms) = preSolution
		Debug|Any CPU = Debug|Any CPU
		Release|Any CPU = Release|Any CPU
	EndGlobalSection
	GlobalSection(ProjectConfigurationPlatforms) = postSolution
		{EF73DCDF-9471-437C-87AE-9CF252726A93}.Debug|Any CPU.ActiveCfg = Debug|Any CPU
		{EF73DCDF-9471-437C-87AE-9CF252726A93}.Debug|Any CPU.Build.0 = Debug|Any CPU
		{EF73DCDF-9471-437C-87AE-9CF252726A93}.Release|Any CPU.ActiveCfg = Release|Any CPU
		{EF73DCDF-9471-437C-87AE-9CF252726A93}.Release|Any CPU.Build.0 = Release|Any CPU
	EndGlobalSection
	GlobalSection(SolutionProperties) = preSolution
		HideSolutionNode = FALSE
	EndGlobalSection
	GlobalSection(ExtensibilityGlobals) = postSolution
		SolutionGuid = {C161A494-BFF8-4F14-BD91-8B154F5FFF78}
	EndGlobalSection
EndGlobal
